
Microsoft Visual Studio Solution File, Format Version 12.00
# Visual Studio 15
VisualStudioVersion = 15.0.28307.539
MinimumVisualStudioVersion = 10.0.40219.1
Project("{FAE04EC0-301F-11D3-BF4B-00C04F79EFBC}") = "Grammy New3", "Grammy New3\Grammy New3.csproj", "{4545EADB-C1C8-4692-ABEB-6676AFAFC9EF}"
EndProject
Global
	GlobalSection(SolutionConfigurationPlatforms) = preSolution
		Debug|Any CPU = Debug|Any CPU
		Release|Any CPU = Release|Any CPU
	EndGlobalSection
	GlobalSection(ProjectConfigurationPlatforms) = postSolution
		{4545EADB-C1C8-4692-ABEB-6676AFAFC9EF}.Debug|Any CPU.ActiveCfg = Debug|Any CPU
		{4545EADB-C1C8-4692-ABEB-6676AFAFC9EF}.Debug|Any CPU.Build.0 = Debug|Any CPU
		{4545EADB-C1C8-4692-ABEB-6676AFAFC9EF}.Release|Any CPU.ActiveCfg = Release|Any CPU
		{4545EADB-C1C8-4692-ABEB-6676AFAFC9EF}.Release|Any CPU.Build.0 = Release|Any CPU
	EndGlobalSection
	GlobalSection(SolutionProperties) = preSolution
		HideSolutionNode = FALSE
	EndGlobalSection
	GlobalSection(ExtensibilityGlobals) = postSolution
		SolutionGuid = {5B307E49-E614-40B0-BBE4-65446572E4D6}
	EndGlobalSection
EndGlobal
